// !$*UTF8*$!
{
	archiveVersion = 1;
	classes = {
	};
	objectVersion = 54;
	objects = {

/* Begin PBXBuildFile section */
		058557BB273AAA24004C7B11 /* Assets.xcassets in Resources */ = {isa = PBXBuildFile; fileRef = 058557BA273AAA24004C7B11 /* Assets.xcassets */; };
		058557D9273AAEEB004C7B11 /* Preview Assets.xcassets in Resources */ = {isa = PBXBuildFile; fileRef = 058557D8273AAEEB004C7B11 /* Preview Assets.xcassets */; };
		2152FB042600AC8F00CF470E /* iOSApp.swift in Sources */ = {isa = PBXBuildFile; fileRef = 2152FB032600AC8F00CF470E /* iOSApp.swift */; };
		8A7D758C2ACCA4CD006B5DB3 /* GoogleService-Info.plist in Resources */ = {isa = PBXBuildFile; fileRef = 8A7D758B2ACCA4CD006B5DB3 /* GoogleService-Info.plist */; };
		8A7D758F2ACCA5A2006B5DB3 /* FirebaseAnalytics in Frameworks */ = {isa = PBXBuildFile; productRef = 8A7D758E2ACCA5A2006B5DB3 /* FirebaseAnalytics */; };
		8A7D75912ACCA5A2006B5DB3 /* FirebaseAnalyticsOnDeviceConversion in Frameworks */ = {isa = PBXBuildFile; productRef = 8A7D75902ACCA5A2006B5DB3 /* FirebaseAnalyticsOnDeviceConversion */; };
		8A7D75932ACCA5A2006B5DB3 /* FirebaseAnalyticsSwift in Frameworks */ = {isa = PBXBuildFile; productRef = 8A7D75922ACCA5A2006B5DB3 /* FirebaseAnalyticsSwift */; };
		8A7D75952ACCA5A2006B5DB3 /* FirebaseAnalyticsWithoutAdIdSupport in Frameworks */ = {isa = PBXBuildFile; productRef = 8A7D75942ACCA5A2006B5DB3 /* FirebaseAnalyticsWithoutAdIdSupport */; };
		8A7D75972ACCA5A2006B5DB3 /* FirebaseAppCheck in Frameworks */ = {isa = PBXBuildFile; productRef = 8A7D75962ACCA5A2006B5DB3 /* FirebaseAppCheck */; };
		8A7D75992ACCA5A2006B5DB3 /* FirebaseAppDistribution-Beta in Frameworks */ = {isa = PBXBuildFile; productRef = 8A7D75982ACCA5A2006B5DB3 /* FirebaseAppDistribution-Beta */; };
		8A7D759B2ACCA5A2006B5DB3 /* FirebaseAuth in Frameworks */ = {isa = PBXBuildFile; productRef = 8A7D759A2ACCA5A2006B5DB3 /* FirebaseAuth */; };
		8A7D759D2ACCA5A2006B5DB3 /* FirebaseAuthCombine-Community in Frameworks */ = {isa = PBXBuildFile; productRef = 8A7D759C2ACCA5A2006B5DB3 /* FirebaseAuthCombine-Community */; };
		8A7D759F2ACCA5A2006B5DB3 /* FirebaseCrashlytics in Frameworks */ = {isa = PBXBuildFile; productRef = 8A7D759E2ACCA5A2006B5DB3 /* FirebaseCrashlytics */; };
		8A7D75A12ACCA5A2006B5DB3 /* FirebaseDatabase in Frameworks */ = {isa = PBXBuildFile; productRef = 8A7D75A02ACCA5A2006B5DB3 /* FirebaseDatabase */; };
		8A7D75A32ACCA5A2006B5DB3 /* FirebaseDatabaseSwift in Frameworks */ = {isa = PBXBuildFile; productRef = 8A7D75A22ACCA5A2006B5DB3 /* FirebaseDatabaseSwift */; };
		8A7D75A52ACCA5A2006B5DB3 /* FirebaseDynamicLinks in Frameworks */ = {isa = PBXBuildFile; productRef = 8A7D75A42ACCA5A2006B5DB3 /* FirebaseDynamicLinks */; };
		8A7D75A72ACCA5A2006B5DB3 /* FirebaseFirestore in Frameworks */ = {isa = PBXBuildFile; productRef = 8A7D75A62ACCA5A2006B5DB3 /* FirebaseFirestore */; };
		8A7D75A92ACCA5A2006B5DB3 /* FirebaseFirestoreCombine-Community in Frameworks */ = {isa = PBXBuildFile; productRef = 8A7D75A82ACCA5A2006B5DB3 /* FirebaseFirestoreCombine-Community */; };
		8A7D75AB2ACCA5A2006B5DB3 /* FirebaseFirestoreSwift in Frameworks */ = {isa = PBXBuildFile; productRef = 8A7D75AA2ACCA5A2006B5DB3 /* FirebaseFirestoreSwift */; };
		8A7D75AD2ACCA5A2006B5DB3 /* FirebaseFunctions in Frameworks */ = {isa = PBXBuildFile; productRef = 8A7D75AC2ACCA5A2006B5DB3 /* FirebaseFunctions */; };
		8A7D75AF2ACCA5A2006B5DB3 /* FirebaseFunctionsCombine-Community in Frameworks */ = {isa = PBXBuildFile; productRef = 8A7D75AE2ACCA5A2006B5DB3 /* FirebaseFunctionsCombine-Community */; };
		8A7D75B12ACCA5A2006B5DB3 /* FirebaseInAppMessaging-Beta in Frameworks */ = {isa = PBXBuildFile; productRef = 8A7D75B02ACCA5A2006B5DB3 /* FirebaseInAppMessaging-Beta */; };
		8A7D75B32ACCA5A2006B5DB3 /* FirebaseInAppMessagingSwift-Beta in Frameworks */ = {isa = PBXBuildFile; productRef = 8A7D75B22ACCA5A2006B5DB3 /* FirebaseInAppMessagingSwift-Beta */; };
		8A7D75B52ACCA5A2006B5DB3 /* FirebaseInstallations in Frameworks */ = {isa = PBXBuildFile; productRef = 8A7D75B42ACCA5A2006B5DB3 /* FirebaseInstallations */; };
		8A7D75B72ACCA5A2006B5DB3 /* FirebaseMLModelDownloader in Frameworks */ = {isa = PBXBuildFile; productRef = 8A7D75B62ACCA5A2006B5DB3 /* FirebaseMLModelDownloader */; };
		8A7D75B92ACCA5A2006B5DB3 /* FirebaseMessaging in Frameworks */ = {isa = PBXBuildFile; productRef = 8A7D75B82ACCA5A2006B5DB3 /* FirebaseMessaging */; };
		8A7D75BB2ACCA5A2006B5DB3 /* FirebasePerformance in Frameworks */ = {isa = PBXBuildFile; productRef = 8A7D75BA2ACCA5A2006B5DB3 /* FirebasePerformance */; };
		8A7D75BD2ACCA5A2006B5DB3 /* FirebaseRemoteConfig in Frameworks */ = {isa = PBXBuildFile; productRef = 8A7D75BC2ACCA5A2006B5DB3 /* FirebaseRemoteConfig */; };
		8A7D75BF2ACCA5A2006B5DB3 /* FirebaseRemoteConfigSwift in Frameworks */ = {isa = PBXBuildFile; productRef = 8A7D75BE2ACCA5A2006B5DB3 /* FirebaseRemoteConfigSwift */; };
		8A7D75C12ACCA5A2006B5DB3 /* FirebaseStorage in Frameworks */ = {isa = PBXBuildFile; productRef = 8A7D75C02ACCA5A2006B5DB3 /* FirebaseStorage */; };
		8A7D75C32ACCA5A2006B5DB3 /* FirebaseStorageCombine-Community in Frameworks */ = {isa = PBXBuildFile; productRef = 8A7D75C22ACCA5A2006B5DB3 /* FirebaseStorageCombine-Community */; };
		8AD71EB22ACDA58100E41CD6 /* ContentView.swift in Sources */ = {isa = PBXBuildFile; fileRef = 7555FF82242A565900829871 /* ContentView.swift */; };
/* End PBXBuildFile section */

/* Begin PBXCopyFilesBuildPhase section */
		7555FFB4242A642300829871 /* Embed Frameworks */ = {
			isa = PBXCopyFilesBuildPhase;
			buildActionMask = 2147483647;
			dstPath = "";
			dstSubfolderSpec = 10;
			files = (
			);
			name = "Embed Frameworks";
			runOnlyForDeploymentPostprocessing = 0;
		};
/* End PBXCopyFilesBuildPhase section */

/* Begin PBXFileReference section */
		058557BA273AAA24004C7B11 /* Assets.xcassets */ = {isa = PBXFileReference; lastKnownFileType = folder.assetcatalog; path = Assets.xcassets; sourceTree = "<group>"; };
		058557D8273AAEEB004C7B11 /* Preview Assets.xcassets */ = {isa = PBXFileReference; lastKnownFileType = folder.assetcatalog; path = "Preview Assets.xcassets"; sourceTree = "<group>"; };
		2152FB032600AC8F00CF470E /* iOSApp.swift */ = {isa = PBXFileReference; lastKnownFileType = sourcecode.swift; path = iOSApp.swift; sourceTree = "<group>"; };
		7555FF7B242A565900829871 /* iosApp.app */ = {isa = PBXFileReference; explicitFileType = wrapper.application; includeInIndex = 0; path = iosApp.app; sourceTree = BUILT_PRODUCTS_DIR; };
		7555FF82242A565900829871 /* ContentView.swift */ = {isa = PBXFileReference; lastKnownFileType = sourcecode.swift; name = ContentView.swift; path = iosApp/ContentView.swift; sourceTree = SOURCE_ROOT; };
		7555FF8C242A565B00829871 /* Info.plist */ = {isa = PBXFileReference; lastKnownFileType = text.plist.xml; path = Info.plist; sourceTree = "<group>"; };
		8A7D758B2ACCA4CD006B5DB3 /* GoogleService-Info.plist */ = {isa = PBXFileReference; fileEncoding = 4; lastKnownFileType = text.plist.xml; name = "GoogleService-Info.plist"; path = "../../../../../../../Downloads/GoogleService-Info.plist"; sourceTree = "<group>"; };
/* End PBXFileReference section */

/* Begin PBXFrameworksBuildPhase section */
		7555FF78242A565900829871 /* Frameworks */ = {
			isa = PBXFrameworksBuildPhase;
			buildActionMask = 2147483647;
			files = (
				8A7D75A12ACCA5A2006B5DB3 /* FirebaseDatabase in Frameworks */,
				8A7D75AF2ACCA5A2006B5DB3 /* FirebaseFunctionsCombine-Community in Frameworks */,
				8A7D75A72ACCA5A2006B5DB3 /* FirebaseFirestore in Frameworks */,
				8A7D75932ACCA5A2006B5DB3 /* FirebaseAnalyticsSwift in Frameworks */,
				8A7D758F2ACCA5A2006B5DB3 /* FirebaseAnalytics in Frameworks */,
				8A7D75912ACCA5A2006B5DB3 /* FirebaseAnalyticsOnDeviceConversion in Frameworks */,
				8A7D75B72ACCA5A2006B5DB3 /* FirebaseMLModelDownloader in Frameworks */,
				8A7D75AB2ACCA5A2006B5DB3 /* FirebaseFirestoreSwift in Frameworks */,
				8A7D75972ACCA5A2006B5DB3 /* FirebaseAppCheck in Frameworks */,
				8A7D75952ACCA5A2006B5DB3 /* FirebaseAnalyticsWithoutAdIdSupport in Frameworks */,
				8A7D759B2ACCA5A2006B5DB3 /* FirebaseAuth in Frameworks */,
				8A7D759F2ACCA5A2006B5DB3 /* FirebaseCrashlytics in Frameworks */,
				8A7D75BF2ACCA5A2006B5DB3 /* FirebaseRemoteConfigSwift in Frameworks */,
				8A7D75B12ACCA5A2006B5DB3 /* FirebaseInAppMessaging-Beta in Frameworks */,
				8A7D75A32ACCA5A2006B5DB3 /* FirebaseDatabaseSwift in Frameworks */,
				8A7D75AD2ACCA5A2006B5DB3 /* FirebaseFunctions in Frameworks */,
				8A7D75C32ACCA5A2006B5DB3 /* FirebaseStorageCombine-Community in Frameworks */,
				8A7D75BD2ACCA5A2006B5DB3 /* FirebaseRemoteConfig in Frameworks */,
				8A7D75992ACCA5A2006B5DB3 /* FirebaseAppDistribution-Beta in Frameworks */,
				8A7D759D2ACCA5A2006B5DB3 /* FirebaseAuthCombine-Community in Frameworks */,
				8A7D75BB2ACCA5A2006B5DB3 /* FirebasePerformance in Frameworks */,
				8A7D75B32ACCA5A2006B5DB3 /* FirebaseInAppMessagingSwift-Beta in Frameworks */,
				8A7D75C12ACCA5A2006B5DB3 /* FirebaseStorage in Frameworks */,
				8A7D75A52ACCA5A2006B5DB3 /* FirebaseDynamicLinks in Frameworks */,
				8A7D75A92ACCA5A2006B5DB3 /* FirebaseFirestoreCombine-Community in Frameworks */,
				8A7D75B92ACCA5A2006B5DB3 /* FirebaseMessaging in Frameworks */,
				8A7D75B52ACCA5A2006B5DB3 /* FirebaseInstallations in Frameworks */,
			);
			runOnlyForDeploymentPostprocessing = 0;
		};
/* End PBXFrameworksBuildPhase section */

/* Begin PBXGroup section */
		058557D7273AAEEB004C7B11 /* Preview Content */ = {
			isa = PBXGroup;
			children = (
				058557D8273AAEEB004C7B11 /* Preview Assets.xcassets */,
			);
			path = "Preview Content";
			sourceTree = "<group>";
		};
		7555FF72242A565900829871 = {
			isa = PBXGroup;
			children = (
				7555FF7D242A565900829871 /* iosApp */,
				7555FF7C242A565900829871 /* Products */,
				7555FFB0242A642200829871 /* Frameworks */,
			);
			sourceTree = "<group>";
		};
		7555FF7C242A565900829871 /* Products */ = {
			isa = PBXGroup;
			children = (
				7555FF7B242A565900829871 /* iosApp.app */,
			);
			name = Products;
			sourceTree = "<group>";
		};
		7555FF7D242A565900829871 /* iosApp */ = {
			isa = PBXGroup;
			children = (
				8A7D758B2ACCA4CD006B5DB3 /* GoogleService-Info.plist */,
				058557BA273AAA24004C7B11 /* Assets.xcassets */,
				7555FF82242A565900829871 /* ContentView.swift */,
				7555FF8C242A565B00829871 /* Info.plist */,
				2152FB032600AC8F00CF470E /* iOSApp.swift */,
				058557D7273AAEEB004C7B11 /* Preview Content */,
			);
			path = iosApp;
			sourceTree = "<group>";
		};
		7555FFB0242A642200829871 /* Frameworks */ = {
			isa = PBXGroup;
			children = (
			);
			name = Frameworks;
			sourceTree = "<group>";
		};
/* End PBXGroup section */

/* Begin PBXNativeTarget section */
		7555FF7A242A565900829871 /* iosApp */ = {
			isa = PBXNativeTarget;
			buildConfigurationList = 7555FFA5242A565B00829871 /* Build configuration list for PBXNativeTarget "iosApp" */;
			buildPhases = (
				7555FFB5242A651A00829871 /* ShellScript */,
				7555FF77242A565900829871 /* Sources */,
				7555FF78242A565900829871 /* Frameworks */,
				7555FF79242A565900829871 /* Resources */,
				7555FFB4242A642300829871 /* Embed Frameworks */,
			);
			buildRules = (
			);
			dependencies = (
			);
			name = iosApp;
			packageProductDependencies = (
				8A7D758E2ACCA5A2006B5DB3 /* FirebaseAnalytics */,
				8A7D75902ACCA5A2006B5DB3 /* FirebaseAnalyticsOnDeviceConversion */,
				8A7D75922ACCA5A2006B5DB3 /* FirebaseAnalyticsSwift */,
				8A7D75942ACCA5A2006B5DB3 /* FirebaseAnalyticsWithoutAdIdSupport */,
				8A7D75962ACCA5A2006B5DB3 /* FirebaseAppCheck */,
				8A7D75982ACCA5A2006B5DB3 /* FirebaseAppDistribution-Beta */,
				8A7D759A2ACCA5A2006B5DB3 /* FirebaseAuth */,
				8A7D759C2ACCA5A2006B5DB3 /* FirebaseAuthCombine-Community */,
				8A7D759E2ACCA5A2006B5DB3 /* FirebaseCrashlytics */,
				8A7D75A02ACCA5A2006B5DB3 /* FirebaseDatabase */,
				8A7D75A22ACCA5A2006B5DB3 /* FirebaseDatabaseSwift */,
				8A7D75A42ACCA5A2006B5DB3 /* FirebaseDynamicLinks */,
				8A7D75A62ACCA5A2006B5DB3 /* FirebaseFirestore */,
				8A7D75A82ACCA5A2006B5DB3 /* FirebaseFirestoreCombine-Community */,
				8A7D75AA2ACCA5A2006B5DB3 /* FirebaseFirestoreSwift */,
				8A7D75AC2ACCA5A2006B5DB3 /* FirebaseFunctions */,
				8A7D75AE2ACCA5A2006B5DB3 /* FirebaseFunctionsCombine-Community */,
				8A7D75B02ACCA5A2006B5DB3 /* FirebaseInAppMessaging-Beta */,
				8A7D75B22ACCA5A2006B5DB3 /* FirebaseInAppMessagingSwift-Beta */,
				8A7D75B42ACCA5A2006B5DB3 /* FirebaseInstallations */,
				8A7D75B62ACCA5A2006B5DB3 /* FirebaseMLModelDownloader */,
				8A7D75B82ACCA5A2006B5DB3 /* FirebaseMessaging */,
				8A7D75BA2ACCA5A2006B5DB3 /* FirebasePerformance */,
				8A7D75BC2ACCA5A2006B5DB3 /* FirebaseRemoteConfig */,
				8A7D75BE2ACCA5A2006B5DB3 /* FirebaseRemoteConfigSwift */,
				8A7D75C02ACCA5A2006B5DB3 /* FirebaseStorage */,
				8A7D75C22ACCA5A2006B5DB3 /* FirebaseStorageCombine-Community */,
			);
			productName = iosApp;
			productReference = 7555FF7B242A565900829871 /* iosApp.app */;
			productType = "com.apple.product-type.application";
		};
/* End PBXNativeTarget section */

/* Begin PBXProject section */
		7555FF73242A565900829871 /* Project object */ = {
			isa = PBXProject;
			attributes = {
				LastSwiftUpdateCheck = 1130;
				LastUpgradeCheck = 1130;
				ORGANIZATIONNAME = orgName;
				TargetAttributes = {
					7555FF7A242A565900829871 = {
						CreatedOnToolsVersion = 11.3.1;
					};
				};
			};
			buildConfigurationList = 7555FF76242A565900829871 /* Build configuration list for PBXProject "iosApp" */;
			compatibilityVersion = "Xcode 9.3";
			developmentRegion = en;
			hasScannedForEncodings = 0;
			knownRegions = (
				en,
				Base,
			);
			mainGroup = 7555FF72242A565900829871;
			packageReferences = (
				8A7D758D2ACCA5A2006B5DB3 /* XCRemoteSwiftPackageReference "firebase-ios-sdk" */,
			);
			productRefGroup = 7555FF7C242A565900829871 /* Products */;
			projectDirPath = "";
			projectRoot = "";
			targets = (
				7555FF7A242A565900829871 /* iosApp */,
			);
		};
/* End PBXProject section */

/* Begin PBXResourcesBuildPhase section */
		7555FF79242A565900829871 /* Resources */ = {
			isa = PBXResourcesBuildPhase;
			buildActionMask = 2147483647;
			files = (
				058557D9273AAEEB004C7B11 /* Preview Assets.xcassets in Resources */,
				058557BB273AAA24004C7B11 /* Assets.xcassets in Resources */,
				8A7D758C2ACCA4CD006B5DB3 /* GoogleService-Info.plist in Resources */,
			);
			runOnlyForDeploymentPostprocessing = 0;
		};
/* End PBXResourcesBuildPhase section */

/* Begin PBXShellScriptBuildPhase section */
		7555FFB5242A651A00829871 /* ShellScript */ = {
			isa = PBXShellScriptBuildPhase;
			buildActionMask = 2147483647;
			files = (
			);
			inputFileListPaths = (
			);
			inputPaths = (
			);
			outputFileListPaths = (
			);
			outputPaths = (
			);
			runOnlyForDeploymentPostprocessing = 0;
			shellPath = /bin/sh;
			shellScript = "cd \"$SRCROOT/..\"\n./gradlew :shared:embedAndSignAppleFrameworkForXcode\n";
		};
/* End PBXShellScriptBuildPhase section */

/* Begin PBXSourcesBuildPhase section */
		7555FF77242A565900829871 /* Sources */ = {
			isa = PBXSourcesBuildPhase;
			buildActionMask = 2147483647;
			files = (
				8AD71EB22ACDA58100E41CD6 /* ContentView.swift in Sources */,
				2152FB042600AC8F00CF470E /* iOSApp.swift in Sources */,
			);
			runOnlyForDeploymentPostprocessing = 0;
		};
/* End PBXSourcesBuildPhase section */

/* Begin XCBuildConfiguration section */
		7555FFA3242A565B00829871 /* Debug */ = {
			isa = XCBuildConfiguration;
			buildSettings = {
				ALWAYS_SEARCH_USER_PATHS = NO;
				CLANG_ANALYZER_NONNULL = YES;
				CLANG_ANALYZER_NUMBER_OBJECT_CONVERSION = YES_AGGRESSIVE;
				CLANG_CXX_LANGUAGE_STANDARD = "gnu++14";
				CLANG_CXX_LIBRARY = "libc++";
				CLANG_ENABLE_MODULES = YES;
				CLANG_ENABLE_OBJC_ARC = YES;
				CLANG_ENABLE_OBJC_WEAK = YES;
				CLANG_WARN_BLOCK_CAPTURE_AUTORELEASING = YES;
				CLANG_WARN_BOOL_CONVERSION = YES;
				CLANG_WARN_COMMA = YES;
				CLANG_WARN_CONSTANT_CONVERSION = YES;
				CLANG_WARN_DEPRECATED_OBJC_IMPLEMENTATIONS = YES;
				CLANG_WARN_DIRECT_OBJC_ISA_USAGE = YES_ERROR;
				CLANG_WARN_DOCUMENTATION_COMMENTS = YES;
				CLANG_WARN_EMPTY_BODY = YES;
				CLANG_WARN_ENUM_CONVERSION = YES;
				CLANG_WARN_INFINITE_RECURSION = YES;
				CLANG_WARN_INT_CONVERSION = YES;
				CLANG_WARN_NON_LITERAL_NULL_CONVERSION = YES;
				CLANG_WARN_OBJC_IMPLICIT_RETAIN_SELF = YES;
				CLANG_WARN_OBJC_LITERAL_CONVERSION = YES;
				CLANG_WARN_OBJC_ROOT_CLASS = YES_ERROR;
				CLANG_WARN_QUOTED_INCLUDE_IN_FRAMEWORK_HEADER = YES;
				CLANG_WARN_RANGE_LOOP_ANALYSIS = YES;
				CLANG_WARN_STRICT_PROTOTYPES = YES;
				CLANG_WARN_SUSPICIOUS_MOVE = YES;
				CLANG_WARN_UNGUARDED_AVAILABILITY = YES_AGGRESSIVE;
				CLANG_WARN_UNREACHABLE_CODE = YES;
				CLANG_WARN__DUPLICATE_METHOD_MATCH = YES;
				COPY_PHASE_STRIP = NO;
				DEBUG_INFORMATION_FORMAT = "dwarf-with-dsym";
				ENABLE_STRICT_OBJC_MSGSEND = YES;
				ENABLE_TESTABILITY = YES;
				GCC_C_LANGUAGE_STANDARD = gnu11;
				GCC_DYNAMIC_NO_PIC = NO;
				GCC_NO_COMMON_BLOCKS = YES;
				GCC_OPTIMIZATION_LEVEL = 0;
				GCC_PREPROCESSOR_DEFINITIONS = (
					"DEBUG=1",
					"$(inherited)",
				);
				GCC_WARN_64_TO_32_BIT_CONVERSION = YES;
				GCC_WARN_ABOUT_RETURN_TYPE = YES_ERROR;
				GCC_WARN_UNDECLARED_SELECTOR = YES;
				GCC_WARN_UNINITIALIZED_AUTOS = YES_AGGRESSIVE;
				GCC_WARN_UNUSED_FUNCTION = YES;
				GCC_WARN_UNUSED_VARIABLE = YES;
				IPHONEOS_DEPLOYMENT_TARGET = 14.1;
				MTL_ENABLE_DEBUG_INFO = INCLUDE_SOURCE;
				MTL_FAST_MATH = YES;
				ONLY_ACTIVE_ARCH = YES;
				SDKROOT = iphoneos;
				SWIFT_ACTIVE_COMPILATION_CONDITIONS = DEBUG;
				SWIFT_OPTIMIZATION_LEVEL = "-Onone";
			};
			name = Debug;
		};
		7555FFA4242A565B00829871 /* Release */ = {
			isa = XCBuildConfiguration;
			buildSettings = {
				ALWAYS_SEARCH_USER_PATHS = NO;
				CLANG_ANALYZER_NONNULL = YES;
				CLANG_ANALYZER_NUMBER_OBJECT_CONVERSION = YES_AGGRESSIVE;
				CLANG_CXX_LANGUAGE_STANDARD = "gnu++14";
				CLANG_CXX_LIBRARY = "libc++";
				CLANG_ENABLE_MODULES = YES;
				CLANG_ENABLE_OBJC_ARC = YES;
				CLANG_ENABLE_OBJC_WEAK = YES;
				CLANG_WARN_BLOCK_CAPTURE_AUTORELEASING = YES;
				CLANG_WARN_BOOL_CONVERSION = YES;
				CLANG_WARN_COMMA = YES;
				CLANG_WARN_CONSTANT_CONVERSION = YES;
				CLANG_WARN_DEPRECATED_OBJC_IMPLEMENTATIONS = YES;
				CLANG_WARN_DIRECT_OBJC_ISA_USAGE = YES_ERROR;
				CLANG_WARN_DOCUMENTATION_COMMENTS = YES;
				CLANG_WARN_EMPTY_BODY = YES;
				CLANG_WARN_ENUM_CONVERSION = YES;
				CLANG_WARN_INFINITE_RECURSION = YES;
				CLANG_WARN_INT_CONVERSION = YES;
				CLANG_WARN_NON_LITERAL_NULL_CONVERSION = YES;
				CLANG_WARN_OBJC_IMPLICIT_RETAIN_SELF = YES;
				CLANG_WARN_OBJC_LITERAL_CONVERSION = YES;
				CLANG_WARN_OBJC_ROOT_CLASS = YES_ERROR;
				CLANG_WARN_QUOTED_INCLUDE_IN_FRAMEWORK_HEADER = YES;
				CLANG_WARN_RANGE_LOOP_ANALYSIS = YES;
				CLANG_WARN_STRICT_PROTOTYPES = YES;
				CLANG_WARN_SUSPICIOUS_MOVE = YES;
				CLANG_WARN_UNGUARDED_AVAILABILITY = YES_AGGRESSIVE;
				CLANG_WARN_UNREACHABLE_CODE = YES;
				CLANG_WARN__DUPLICATE_METHOD_MATCH = YES;
				COPY_PHASE_STRIP = NO;
				DEBUG_INFORMATION_FORMAT = "dwarf-with-dsym";
				ENABLE_NS_ASSERTIONS = NO;
				ENABLE_STRICT_OBJC_MSGSEND = YES;
				GCC_C_LANGUAGE_STANDARD = gnu11;
				GCC_NO_COMMON_BLOCKS = YES;
				GCC_WARN_64_TO_32_BIT_CONVERSION = YES;
				GCC_WARN_ABOUT_RETURN_TYPE = YES_ERROR;
				GCC_WARN_UNDECLARED_SELECTOR = YES;
				GCC_WARN_UNINITIALIZED_AUTOS = YES_AGGRESSIVE;
				GCC_WARN_UNUSED_FUNCTION = YES;
				GCC_WARN_UNUSED_VARIABLE = YES;
				IPHONEOS_DEPLOYMENT_TARGET = 14.1;
				MTL_ENABLE_DEBUG_INFO = NO;
				MTL_FAST_MATH = YES;
				SDKROOT = iphoneos;
				SWIFT_COMPILATION_MODE = wholemodule;
				SWIFT_OPTIMIZATION_LEVEL = "-O";
				VALIDATE_PRODUCT = YES;
			};
			name = Release;
		};
		7555FFA6242A565B00829871 /* Debug */ = {
			isa = XCBuildConfiguration;
			buildSettings = {
				ASSETCATALOG_COMPILER_APPICON_NAME = AppIcon;
				CODE_SIGN_STYLE = Automatic;
				DEVELOPMENT_ASSET_PATHS = "\"iosApp/Preview Content\"";
				ENABLE_PREVIEWS = YES;
				"EXCLUDED_ARCHS[sdk=iphonesimulator*]" = "";
				FRAMEWORK_SEARCH_PATHS = "$(SRCROOT)/../shared/build/xcode-frameworks/$(CONFIGURATION)/$(SDK_NAME)";
				INFOPLIST_FILE = iosApp/Info.plist;
				LD_RUNPATH_SEARCH_PATHS = (
					"$(inherited)",
					"@executable_path/Frameworks",
				);
				OTHER_LDFLAGS = (
					"$(inherited)",
					"-framework",
					shared,
				);
				PRODUCT_BUNDLE_IDENTIFIER = orgIdentifier.iosApp;
				PRODUCT_NAME = "$(TARGET_NAME)";
				SWIFT_VERSION = 5.0;
				TARGETED_DEVICE_FAMILY = "1,2";
			};
			name = Debug;
		};
		7555FFA7242A565B00829871 /* Release */ = {
			isa = XCBuildConfiguration;
			buildSettings = {
				ASSETCATALOG_COMPILER_APPICON_NAME = AppIcon;
				CODE_SIGN_STYLE = Automatic;
				DEVELOPMENT_ASSET_PATHS = "\"iosApp/Preview Content\"";
				ENABLE_PREVIEWS = YES;
				"EXCLUDED_ARCHS[sdk=iphonesimulator*]" = "";
				FRAMEWORK_SEARCH_PATHS = "$(SRCROOT)/../shared/build/xcode-frameworks/$(CONFIGURATION)/$(SDK_NAME)";
				INFOPLIST_FILE = iosApp/Info.plist;
				LD_RUNPATH_SEARCH_PATHS = (
					"$(inherited)",
					"@executable_path/Frameworks",
				);
				OTHER_LDFLAGS = (
					"$(inherited)",
					"-framework",
					shared,
				);
				PRODUCT_BUNDLE_IDENTIFIER = orgIdentifier.iosApp;
				PRODUCT_NAME = "$(TARGET_NAME)";
				SWIFT_VERSION = 5.0;
				TARGETED_DEVICE_FAMILY = "1,2";
			};
			name = Release;
		};
/* End XCBuildConfiguration section */

/* Begin XCConfigurationList section */
		7555FF76242A565900829871 /* Build configuration list for PBXProject "iosApp" */ = {
			isa = XCConfigurationList;
			buildConfigurations = (
				7555FFA3242A565B00829871 /* Debug */,
				7555FFA4242A565B00829871 /* Release */,
			);
			defaultConfigurationIsVisible = 0;
			defaultConfigurationName = Release;
		};
		7555FFA5242A565B00829871 /* Build configuration list for PBXNativeTarget "iosApp" */ = {
			isa = XCConfigurationList;
			buildConfigurations = (
				7555FFA6242A565B00829871 /* Debug */,
				7555FFA7242A565B00829871 /* Release */,
			);
			defaultConfigurationIsVisible = 0;
			defaultConfigurationName = Release;
		};
/* End XCConfigurationList section */

/* Begin XCRemoteSwiftPackageReference section */
		8A7D758D2ACCA5A2006B5DB3 /* XCRemoteSwiftPackageReference "firebase-ios-sdk" */ = {
			isa = XCRemoteSwiftPackageReference;
			repositoryURL = "https://github.com/firebase/firebase-ios-sdk";
			requirement = {
				kind = upToNextMajorVersion;
				minimumVersion = 10.16.0;
			};
		};
/* End XCRemoteSwiftPackageReference section */

/* Begin XCSwiftPackageProductDependency section */
		8A7D758E2ACCA5A2006B5DB3 /* FirebaseAnalytics */ = {
			isa = XCSwiftPackageProductDependency;
			package = 8A7D758D2ACCA5A2006B5DB3 /* XCRemoteSwiftPackageReference "firebase-ios-sdk" */;
			productName = FirebaseAnalytics;
		};
		8A7D75902ACCA5A2006B5DB3 /* FirebaseAnalyticsOnDeviceConversion */ = {
			isa = XCSwiftPackageProductDependency;
			package = 8A7D758D2ACCA5A2006B5DB3 /* XCRemoteSwiftPackageReference "firebase-ios-sdk" */;
			productName = FirebaseAnalyticsOnDeviceConversion;
		};
		8A7D75922ACCA5A2006B5DB3 /* FirebaseAnalyticsSwift */ = {
			isa = XCSwiftPackageProductDependency;
			package = 8A7D758D2ACCA5A2006B5DB3 /* XCRemoteSwiftPackageReference "firebase-ios-sdk" */;
			productName = FirebaseAnalyticsSwift;
		};
		8A7D75942ACCA5A2006B5DB3 /* FirebaseAnalyticsWithoutAdIdSupport */ = {
			isa = XCSwiftPackageProductDependency;
			package = 8A7D758D2ACCA5A2006B5DB3 /* XCRemoteSwiftPackageReference "firebase-ios-sdk" */;
			productName = FirebaseAnalyticsWithoutAdIdSupport;
		};
		8A7D75962ACCA5A2006B5DB3 /* FirebaseAppCheck */ = {
			isa = XCSwiftPackageProductDependency;
			package = 8A7D758D2ACCA5A2006B5DB3 /* XCRemoteSwiftPackageReference "firebase-ios-sdk" */;
			productName = FirebaseAppCheck;
		};
		8A7D75982ACCA5A2006B5DB3 /* FirebaseAppDistribution-Beta */ = {
			isa = XCSwiftPackageProductDependency;
			package = 8A7D758D2ACCA5A2006B5DB3 /* XCRemoteSwiftPackageReference "firebase-ios-sdk" */;
			productName = "FirebaseAppDistribution-Beta";
		};
		8A7D759A2ACCA5A2006B5DB3 /* FirebaseAuth */ = {
			isa = XCSwiftPackageProductDependency;
			package = 8A7D758D2ACCA5A2006B5DB3 /* XCRemoteSwiftPackageReference "firebase-ios-sdk" */;
			productName = FirebaseAuth;
		};
		8A7D759C2ACCA5A2006B5DB3 /* FirebaseAuthCombine-Community */ = {
			isa = XCSwiftPackageProductDependency;
			package = 8A7D758D2ACCA5A2006B5DB3 /* XCRemoteSwiftPackageReference "firebase-ios-sdk" */;
			productName = "FirebaseAuthCombine-Community";
		};
		8A7D759E2ACCA5A2006B5DB3 /* FirebaseCrashlytics */ = {
			isa = XCSwiftPackageProductDependency;
			package = 8A7D758D2ACCA5A2006B5DB3 /* XCRemoteSwiftPackageReference "firebase-ios-sdk" */;
			productName = FirebaseCrashlytics;
		};
		8A7D75A02ACCA5A2006B5DB3 /* FirebaseDatabase */ = {
			isa = XCSwiftPackageProductDependency;
			package = 8A7D758D2ACCA5A2006B5DB3 /* XCRemoteSwiftPackageReference "firebase-ios-sdk" */;
			productName = FirebaseDatabase;
		};
		8A7D75A22ACCA5A2006B5DB3 /* FirebaseDatabaseSwift */ = {
			isa = XCSwiftPackageProductDependency;
			package = 8A7D758D2ACCA5A2006B5DB3 /* XCRemoteSwiftPackageReference "firebase-ios-sdk" */;
			productName = FirebaseDatabaseSwift;
		};
		8A7D75A42ACCA5A2006B5DB3 /* FirebaseDynamicLinks */ = {
			isa = XCSwiftPackageProductDependency;
			package = 8A7D758D2ACCA5A2006B5DB3 /* XCRemoteSwiftPackageReference "firebase-ios-sdk" */;
			productName = FirebaseDynamicLinks;
		};
		8A7D75A62ACCA5A2006B5DB3 /* FirebaseFirestore */ = {
			isa = XCSwiftPackageProductDependency;
			package = 8A7D758D2ACCA5A2006B5DB3 /* XCRemoteSwiftPackageReference "firebase-ios-sdk" */;
			productName = FirebaseFirestore;
		};
		8A7D75A82ACCA5A2006B5DB3 /* FirebaseFirestoreCombine-Community */ = {
			isa = XCSwiftPackageProductDependency;
			package = 8A7D758D2ACCA5A2006B5DB3 /* XCRemoteSwiftPackageReference "firebase-ios-sdk" */;
			productName = "FirebaseFirestoreCombine-Community";
		};
		8A7D75AA2ACCA5A2006B5DB3 /* FirebaseFirestoreSwift */ = {
			isa = XCSwiftPackageProductDependency;
			package = 8A7D758D2ACCA5A2006B5DB3 /* XCRemoteSwiftPackageReference "firebase-ios-sdk" */;
			productName = FirebaseFirestoreSwift;
		};
		8A7D75AC2ACCA5A2006B5DB3 /* FirebaseFunctions */ = {
			isa = XCSwiftPackageProductDependency;
			package = 8A7D758D2ACCA5A2006B5DB3 /* XCRemoteSwiftPackageReference "firebase-ios-sdk" */;
			productName = FirebaseFunctions;
		};
		8A7D75AE2ACCA5A2006B5DB3 /* FirebaseFunctionsCombine-Community */ = {
			isa = XCSwiftPackageProductDependency;
			package = 8A7D758D2ACCA5A2006B5DB3 /* XCRemoteSwiftPackageReference "firebase-ios-sdk" */;
			productName = "FirebaseFunctionsCombine-Community";
		};
		8A7D75B02ACCA5A2006B5DB3 /* FirebaseInAppMessaging-Beta */ = {
			isa = XCSwiftPackageProductDependency;
			package = 8A7D758D2ACCA5A2006B5DB3 /* XCRemoteSwiftPackageReference "firebase-ios-sdk" */;
			productName = "FirebaseInAppMessaging-Beta";
		};
		8A7D75B22ACCA5A2006B5DB3 /* FirebaseInAppMessagingSwift-Beta */ = {
			isa = XCSwiftPackageProductDependency;
			package = 8A7D758D2ACCA5A2006B5DB3 /* XCRemoteSwiftPackageReference "firebase-ios-sdk" */;
			productName = "FirebaseInAppMessagingSwift-Beta";
		};
		8A7D75B42ACCA5A2006B5DB3 /* FirebaseInstallations */ = {
			isa = XCSwiftPackageProductDependency;
			package = 8A7D758D2ACCA5A2006B5DB3 /* XCRemoteSwiftPackageReference "firebase-ios-sdk" */;
			productName = FirebaseInstallations;
		};
		8A7D75B62ACCA5A2006B5DB3 /* FirebaseMLModelDownloader */ = {
			isa = XCSwiftPackageProductDependency;
			package = 8A7D758D2ACCA5A2006B5DB3 /* XCRemoteSwiftPackageReference "firebase-ios-sdk" */;
			productName = FirebaseMLModelDownloader;
		};
		8A7D75B82ACCA5A2006B5DB3 /* FirebaseMessaging */ = {
			isa = XCSwiftPackageProductDependency;
			package = 8A7D758D2ACCA5A2006B5DB3 /* XCRemoteSwiftPackageReference "firebase-ios-sdk" */;
			productName = FirebaseMessaging;
		};
		8A7D75BA2ACCA5A2006B5DB3 /* FirebasePerformance */ = {
			isa = XCSwiftPackageProductDependency;
			package = 8A7D758D2ACCA5A2006B5DB3 /* XCRemoteSwiftPackageReference "firebase-ios-sdk" */;
			productName = FirebasePerformance;
		};
		8A7D75BC2ACCA5A2006B5DB3 /* FirebaseRemoteConfig */ = {
			isa = XCSwiftPackageProductDependency;
			package = 8A7D758D2ACCA5A2006B5DB3 /* XCRemoteSwiftPackageReference "firebase-ios-sdk" */;
			productName = FirebaseRemoteConfig;
		};
		8A7D75BE2ACCA5A2006B5DB3 /* FirebaseRemoteConfigSwift */ = {
			isa = XCSwiftPackageProductDependency;
			package = 8A7D758D2ACCA5A2006B5DB3 /* XCRemoteSwiftPackageReference "firebase-ios-sdk" */;
			productName = FirebaseRemoteConfigSwift;
		};
		8A7D75C02ACCA5A2006B5DB3 /* FirebaseStorage */ = {
			isa = XCSwiftPackageProductDependency;
			package = 8A7D758D2ACCA5A2006B5DB3 /* XCRemoteSwiftPackageReference "firebase-ios-sdk" */;
			productName = FirebaseStorage;
		};
		8A7D75C22ACCA5A2006B5DB3 /* FirebaseStorageCombine-Community */ = {
			isa = XCSwiftPackageProductDependency;
			package = 8A7D758D2ACCA5A2006B5DB3 /* XCRemoteSwiftPackageReference "firebase-ios-sdk" */;
			productName = "FirebaseStorageCombine-Community";
		};
/* End XCSwiftPackageProductDependency section */
	};
	rootObject = 7555FF73242A565900829871 /* Project object */;
}
